{"filter":false,"title":"Gemfile.lock","tooltip":"/Gemfile.lock","undoManager":{"mark":0,"position":0,"stack":[[{"start":{"row":165,"column":25},"end":{"row":165,"column":26},"action":"remove","lines":["5"],"id":2,"ignore":true},{"start":{"row":165,"column":25},"end":{"row":165,"column":26},"action":"insert","lines":["7"]}]]},"ace":{"folds":[],"scrolltop":0,"scrollleft":0,"selection":{"start":{"row":0,"column":0},"end":{"row":0,"column":0},"isBackwards":false},"options":{"guessTabSize":true,"useWrapMode":false,"wrapToView":true},"firstLineState":0},"timestamp":1506436968575,"hash":"306343ede477bac285743fa04b2b12e9704e9e67"}